
Microsoft Visual Studio Solution File, Format Version 12.00
# Visual Studio Version 17
VisualStudioVersion = 17.14.36221.1 d17.14
MinimumVisualStudioVersion = 10.0.40219.1
Project("{FAE04EC0-301F-11D3-BF4B-00C04F79EFBC}") = "Task_Login_College_Management", "Task_Login_College_Management.csproj", "{27CA43C2-4AD9-4F68-A52D-AE021B8A600B}"
EndProject
Global
	GlobalSection(SolutionConfigurationPlatforms) = preSolution
		Debug|Any CPU = Debug|Any CPU
		Release|Any CPU = Release|Any CPU
	EndGlobalSection
	GlobalSection(ProjectConfigurationPlatforms) = postSolution
		{27CA43C2-4AD9-4F68-A52D-AE021B8A600B}.Debug|Any CPU.ActiveCfg = Debug|Any CPU
		{27CA43C2-4AD9-4F68-A52D-AE021B8A600B}.Debug|Any CPU.Build.0 = Debug|Any CPU
		{27CA43C2-4AD9-4F68-A52D-AE021B8A600B}.Release|Any CPU.ActiveCfg = Release|Any CPU
		{27CA43C2-4AD9-4F68-A52D-AE021B8A600B}.Release|Any CPU.Build.0 = Release|Any CPU
	EndGlobalSection
	GlobalSection(SolutionProperties) = preSolution
		HideSolutionNode = FALSE
	EndGlobalSection
	GlobalSection(ExtensibilityGlobals) = postSolution
		SolutionGuid = {E108E10F-57F3-40A4-A51F-2AD4942870AF}
	EndGlobalSection
EndGlobal
